// !$*UTF8*$!
{
	archiveVersion = 1;
	classes = {
	};
	objectVersion = 55;
	objects = {

/* Begin PBXBuildFile section */
		A70FF51428238E42007D4F64 /* NSLayoutConstraintExtension.swift in Sources */ = {isa = PBXBuildFile; fileRef = A70FF51328238E42007D4F64 /* NSLayoutConstraintExtension.swift */; };
		A70FF51628239D77007D4F64 /* Constraints.swift in Sources */ = {isa = PBXBuildFile; fileRef = A70FF51528239D77007D4F64 /* Constraints.swift */; };
		A731E003281D12FA00036077 /* Xibs.swift in Sources */ = {isa = PBXBuildFile; fileRef = A731E002281D12FA00036077 /* Xibs.swift */; };
		A731E005281D13EE00036077 /* AnimeCalendarScreenView.xib in Resources */ = {isa = PBXBuildFile; fileRef = A731E004281D13EE00036077 /* AnimeCalendarScreenView.xib */; };
		A731E007281D140200036077 /* NewScheduledAnimeScreenView.xib in Resources */ = {isa = PBXBuildFile; fileRef = A731E006281D140200036077 /* NewScheduledAnimeScreenView.xib */; };
		A731E009281D1B0D00036077 /* Color.swift in Sources */ = {isa = PBXBuildFile; fileRef = A731E008281D1B0D00036077 /* Color.swift */; };
		A74F984B2815F8EF003A1073 /* HomeScreen.swift in Sources */ = {isa = PBXBuildFile; fileRef = A74F98492815F8EF003A1073 /* HomeScreen.swift */; };
		A74F984C2815F8EF003A1073 /* HomeScreenView.xib in Resources */ = {isa = PBXBuildFile; fileRef = A74F984A2815F8EF003A1073 /* HomeScreenView.xib */; };
		A74F98532815FD72003A1073 /* BootManager.swift in Sources */ = {isa = PBXBuildFile; fileRef = A74F98522815FD72003A1073 /* BootManager.swift */; };
		A74F986428161279003A1073 /* NetworkManager.swift in Sources */ = {isa = PBXBuildFile; fileRef = A74F986328161279003A1073 /* NetworkManager.swift */; };
		A74F986628161285003A1073 /* RequestsManager.swift in Sources */ = {isa = PBXBuildFile; fileRef = A74F986528161284003A1073 /* RequestsManager.swift */; };
		A74F986828161291003A1073 /* MocksManager.swift in Sources */ = {isa = PBXBuildFile; fileRef = A74F986728161291003A1073 /* MocksManager.swift */; };
		A74F986A2816129D003A1073 /* CacheManager.swift in Sources */ = {isa = PBXBuildFile; fileRef = A74F98692816129D003A1073 /* CacheManager.swift */; };
		A74F9874281624FC003A1073 /* Pods_AnimeCalendar.framework in Frameworks */ = {isa = PBXBuildFile; fileRef = 28ADD1CAD4B24F96213C086B /* Pods_AnimeCalendar.framework */; };
		A78685CA2824D5CE00321415 /* CustomNavigationController.swift in Sources */ = {isa = PBXBuildFile; fileRef = A78685C92824D5CE00321415 /* CustomNavigationController.swift */; };
		A78685CC2824D67100321415 /* CustomTabBarController.swift in Sources */ = {isa = PBXBuildFile; fileRef = A78685CB2824D67100321415 /* CustomTabBarController.swift */; };
		A78685CE2824D6AE00321415 /* TabBarProtocol.swift in Sources */ = {isa = PBXBuildFile; fileRef = A78685CD2824D6AE00321415 /* TabBarProtocol.swift */; };
		A7933BF2281E35DD00D4E1B4 /* Shadow.swift in Sources */ = {isa = PBXBuildFile; fileRef = A7933BF1281E35DD00D4E1B4 /* Shadow.swift */; };
		A7933BF4281E3AA100D4E1B4 /* UIViewExtension.swift in Sources */ = {isa = PBXBuildFile; fileRef = A7933BF3281E3AA100D4E1B4 /* UIViewExtension.swift */; };
		A7AD0B0628275F6500367A1B /* NewScheduledAnimeButton.swift in Sources */ = {isa = PBXBuildFile; fileRef = A7AD0B0528275F6500367A1B /* NewScheduledAnimeButton.swift */; };
		A7B0E329281F534900A13CD6 /* HomeScreenNavigationBar.swift in Sources */ = {isa = PBXBuildFile; fileRef = A7B0E328281F534900A13CD6 /* HomeScreenNavigationBar.swift */; };
		A7B0E32B281F553A00A13CD6 /* ScreenNavigationBar.swift in Sources */ = {isa = PBXBuildFile; fileRef = A7B0E32A281F553A00A13CD6 /* ScreenNavigationBar.swift */; };
		A7B0E32F281F761300A13CD6 /* HomeDateComponent.swift in Sources */ = {isa = PBXBuildFile; fileRef = A7B0E32D281F761300A13CD6 /* HomeDateComponent.swift */; };
		A7B0E330281F761300A13CD6 /* HomeDateComponentView.xib in Resources */ = {isa = PBXBuildFile; fileRef = A7B0E32E281F761300A13CD6 /* HomeDateComponentView.xib */; };
		A7B0E333281F88F800A13CD6 /* ScreenComponent.swift in Sources */ = {isa = PBXBuildFile; fileRef = A7B0E332281F88F800A13CD6 /* ScreenComponent.swift */; };
		A7B0E337281F8E8B00A13CD6 /* HomeAnimesComponent.swift in Sources */ = {isa = PBXBuildFile; fileRef = A7B0E335281F8E8B00A13CD6 /* HomeAnimesComponent.swift */; };
		A7B0E338281F8E8B00A13CD6 /* HomeAnimesComponentView.xib in Resources */ = {isa = PBXBuildFile; fileRef = A7B0E336281F8E8B00A13CD6 /* HomeAnimesComponentView.xib */; };
		A7B0E33B281F95E500A13CD6 /* HomeAnimeItem.swift in Sources */ = {isa = PBXBuildFile; fileRef = A7B0E339281F95E500A13CD6 /* HomeAnimeItem.swift */; };
		A7B0E33C281F95E500A13CD6 /* HomeAnimeItemView.xib in Resources */ = {isa = PBXBuildFile; fileRef = A7B0E33A281F95E500A13CD6 /* HomeAnimeItemView.xib */; };
		A7B0E33F281F9B8800A13CD6 /* HomeAnime.swift in Sources */ = {isa = PBXBuildFile; fileRef = A7B0E33E281F9B8800A13CD6 /* HomeAnime.swift */; };
		A7CD0D452817A06700109B8D /* RequetsMethods.swift in Sources */ = {isa = PBXBuildFile; fileRef = A7CD0D442817A06700109B8D /* RequetsMethods.swift */; };
		A7CD0D482817A16000109B8D /* ScreenProtocol.swift in Sources */ = {isa = PBXBuildFile; fileRef = A7CD0D472817A16000109B8D /* ScreenProtocol.swift */; };
		A7CD0D4A2817A31100109B8D /* RequestProtocol.swift in Sources */ = {isa = PBXBuildFile; fileRef = A7CD0D492817A31100109B8D /* RequestProtocol.swift */; };
		A7D4F6CB2828C3A7004622A4 /* PresentsNewScreen.swift in Sources */ = {isa = PBXBuildFile; fileRef = A7D4F6CA2828C3A7004622A4 /* PresentsNewScreen.swift */; };
		A7D4F6CD2828D6AA004622A4 /* TabBarButton.swift in Sources */ = {isa = PBXBuildFile; fileRef = A7D4F6CC2828D6AA004622A4 /* TabBarButton.swift */; };
		A7E44A912829CAB7005C0AB5 /* RootControllerType.swift in Sources */ = {isa = PBXBuildFile; fileRef = A7E44A902829CAB7005C0AB5 /* RootControllerType.swift */; };
		A7E44A932829CAF1005C0AB5 /* RootViewController.swift in Sources */ = {isa = PBXBuildFile; fileRef = A7E44A922829CAF1005C0AB5 /* RootViewController.swift */; };
		A7E44A952829CB37005C0AB5 /* RootControllerFactory.swift in Sources */ = {isa = PBXBuildFile; fileRef = A7E44A942829CB37005C0AB5 /* RootControllerFactory.swift */; };
		A7E44A972829CBEB005C0AB5 /* ScreenType.swift in Sources */ = {isa = PBXBuildFile; fileRef = A7E44A962829CBEB005C0AB5 /* ScreenType.swift */; };
		A7E44A992829CC56005C0AB5 /* ScreenFactory.swift in Sources */ = {isa = PBXBuildFile; fileRef = A7E44A982829CC56005C0AB5 /* ScreenFactory.swift */; };
		A7E798A628149B4900973881 /* AppDelegate.swift in Sources */ = {isa = PBXBuildFile; fileRef = A7E798A528149B4900973881 /* AppDelegate.swift */; };
		A7E798A828149B4900973881 /* SceneDelegate.swift in Sources */ = {isa = PBXBuildFile; fileRef = A7E798A728149B4900973881 /* SceneDelegate.swift */; };
		A7E798AF28149B4900973881 /* Assets.xcassets in Resources */ = {isa = PBXBuildFile; fileRef = A7E798AE28149B4900973881 /* Assets.xcassets */; };
		A7E798B228149B4900973881 /* LaunchScreen.storyboard in Resources */ = {isa = PBXBuildFile; fileRef = A7E798B028149B4900973881 /* LaunchScreen.storyboard */; };
		A7F91E0128190E6000FF59C0 /* AnimeCalendarScreen.swift in Sources */ = {isa = PBXBuildFile; fileRef = A7F91E0028190E6000FF59C0 /* AnimeCalendarScreen.swift */; };
		A7F91E0328190E8600FF59C0 /* NewScheduledAnimeScreen.swift in Sources */ = {isa = PBXBuildFile; fileRef = A7F91E0228190E8600FF59C0 /* NewScheduledAnimeScreen.swift */; };
		A7F91E0F28190F6D00FF59C0 /* TabBarManager.swift in Sources */ = {isa = PBXBuildFile; fileRef = A7F91E0E28190F6D00FF59C0 /* TabBarManager.swift */; };
		A7FDF609281E025E006057D7 /* HomeHeaderComponent.swift in Sources */ = {isa = PBXBuildFile; fileRef = A7FDF607281E025E006057D7 /* HomeHeaderComponent.swift */; };
		A7FDF60A281E025E006057D7 /* HomeHeaderComponentView.xib in Resources */ = {isa = PBXBuildFile; fileRef = A7FDF608281E025E006057D7 /* HomeHeaderComponentView.xib */; };
		A7FDF60E281E038D006057D7 /* UIViewControllerExtension.swift in Sources */ = {isa = PBXBuildFile; fileRef = A7FDF60D281E038D006057D7 /* UIViewControllerExtension.swift */; };
/* End PBXBuildFile section */

/* Begin PBXFileReference section */
		1C175D7AE49B4879AD9ED43B /* Pods-AnimeCalendar.release.xcconfig */ = {isa = PBXFileReference; includeInIndex = 1; lastKnownFileType = text.xcconfig; name = "Pods-AnimeCalendar.release.xcconfig"; path = "Target Support Files/Pods-AnimeCalendar/Pods-AnimeCalendar.release.xcconfig"; sourceTree = "<group>"; };
		283ED7B0446B72E81426494A /* Pods-AnimeCalendar.debug.xcconfig */ = {isa = PBXFileReference; includeInIndex = 1; lastKnownFileType = text.xcconfig; name = "Pods-AnimeCalendar.debug.xcconfig"; path = "Target Support Files/Pods-AnimeCalendar/Pods-AnimeCalendar.debug.xcconfig"; sourceTree = "<group>"; };
		28ADD1CAD4B24F96213C086B /* Pods_AnimeCalendar.framework */ = {isa = PBXFileReference; explicitFileType = wrapper.framework; includeInIndex = 0; path = Pods_AnimeCalendar.framework; sourceTree = BUILT_PRODUCTS_DIR; };
		A70FF51328238E42007D4F64 /* NSLayoutConstraintExtension.swift */ = {isa = PBXFileReference; lastKnownFileType = sourcecode.swift; path = NSLayoutConstraintExtension.swift; sourceTree = "<group>"; };
		A70FF51528239D77007D4F64 /* Constraints.swift */ = {isa = PBXFileReference; lastKnownFileType = sourcecode.swift; path = Constraints.swift; sourceTree = "<group>"; };
		A731E002281D12FA00036077 /* Xibs.swift */ = {isa = PBXFileReference; lastKnownFileType = sourcecode.swift; path = Xibs.swift; sourceTree = "<group>"; };
		A731E004281D13EE00036077 /* AnimeCalendarScreenView.xib */ = {isa = PBXFileReference; lastKnownFileType = file.xib; path = AnimeCalendarScreenView.xib; sourceTree = "<group>"; };
		A731E006281D140200036077 /* NewScheduledAnimeScreenView.xib */ = {isa = PBXFileReference; lastKnownFileType = file.xib; path = NewScheduledAnimeScreenView.xib; sourceTree = "<group>"; };
		A731E008281D1B0D00036077 /* Color.swift */ = {isa = PBXFileReference; lastKnownFileType = sourcecode.swift; path = Color.swift; sourceTree = "<group>"; };
		A74F98492815F8EF003A1073 /* HomeScreen.swift */ = {isa = PBXFileReference; lastKnownFileType = sourcecode.swift; path = HomeScreen.swift; sourceTree = "<group>"; };
		A74F984A2815F8EF003A1073 /* HomeScreenView.xib */ = {isa = PBXFileReference; lastKnownFileType = file.xib; path = HomeScreenView.xib; sourceTree = "<group>"; };
		A74F98522815FD72003A1073 /* BootManager.swift */ = {isa = PBXFileReference; lastKnownFileType = sourcecode.swift; path = BootManager.swift; sourceTree = "<group>"; };
		A74F986328161279003A1073 /* NetworkManager.swift */ = {isa = PBXFileReference; lastKnownFileType = sourcecode.swift; path = NetworkManager.swift; sourceTree = "<group>"; };
		A74F986528161284003A1073 /* RequestsManager.swift */ = {isa = PBXFileReference; lastKnownFileType = sourcecode.swift; path = RequestsManager.swift; sourceTree = "<group>"; };
		A74F986728161291003A1073 /* MocksManager.swift */ = {isa = PBXFileReference; lastKnownFileType = sourcecode.swift; path = MocksManager.swift; sourceTree = "<group>"; };
		A74F98692816129D003A1073 /* CacheManager.swift */ = {isa = PBXFileReference; lastKnownFileType = sourcecode.swift; path = CacheManager.swift; sourceTree = "<group>"; };
		A78685C92824D5CE00321415 /* CustomNavigationController.swift */ = {isa = PBXFileReference; lastKnownFileType = sourcecode.swift; path = CustomNavigationController.swift; sourceTree = "<group>"; };
		A78685CB2824D67100321415 /* CustomTabBarController.swift */ = {isa = PBXFileReference; lastKnownFileType = sourcecode.swift; path = CustomTabBarController.swift; sourceTree = "<group>"; };
		A78685CD2824D6AE00321415 /* TabBarProtocol.swift */ = {isa = PBXFileReference; lastKnownFileType = sourcecode.swift; path = TabBarProtocol.swift; sourceTree = "<group>"; };
		A7933BF1281E35DD00D4E1B4 /* Shadow.swift */ = {isa = PBXFileReference; lastKnownFileType = sourcecode.swift; path = Shadow.swift; sourceTree = "<group>"; };
		A7933BF3281E3AA100D4E1B4 /* UIViewExtension.swift */ = {isa = PBXFileReference; lastKnownFileType = sourcecode.swift; path = UIViewExtension.swift; sourceTree = "<group>"; };
		A7AD0B0528275F6500367A1B /* NewScheduledAnimeButton.swift */ = {isa = PBXFileReference; lastKnownFileType = sourcecode.swift; path = NewScheduledAnimeButton.swift; sourceTree = "<group>"; };
		A7B0E328281F534900A13CD6 /* HomeScreenNavigationBar.swift */ = {isa = PBXFileReference; lastKnownFileType = sourcecode.swift; path = HomeScreenNavigationBar.swift; sourceTree = "<group>"; };
		A7B0E32A281F553A00A13CD6 /* ScreenNavigationBar.swift */ = {isa = PBXFileReference; lastKnownFileType = sourcecode.swift; path = ScreenNavigationBar.swift; sourceTree = "<group>"; };
		A7B0E32D281F761300A13CD6 /* HomeDateComponent.swift */ = {isa = PBXFileReference; lastKnownFileType = sourcecode.swift; path = HomeDateComponent.swift; sourceTree = "<group>"; };
		A7B0E32E281F761300A13CD6 /* HomeDateComponentView.xib */ = {isa = PBXFileReference; lastKnownFileType = file.xib; path = HomeDateComponentView.xib; sourceTree = "<group>"; };
		A7B0E332281F88F800A13CD6 /* ScreenComponent.swift */ = {isa = PBXFileReference; lastKnownFileType = sourcecode.swift; path = ScreenComponent.swift; sourceTree = "<group>"; };
		A7B0E335281F8E8B00A13CD6 /* HomeAnimesComponent.swift */ = {isa = PBXFileReference; lastKnownFileType = sourcecode.swift; path = HomeAnimesComponent.swift; sourceTree = "<group>"; };
		A7B0E336281F8E8B00A13CD6 /* HomeAnimesComponentView.xib */ = {isa = PBXFileReference; lastKnownFileType = file.xib; path = HomeAnimesComponentView.xib; sourceTree = "<group>"; };
		A7B0E339281F95E500A13CD6 /* HomeAnimeItem.swift */ = {isa = PBXFileReference; lastKnownFileType = sourcecode.swift; path = HomeAnimeItem.swift; sourceTree = "<group>"; };
		A7B0E33A281F95E500A13CD6 /* HomeAnimeItemView.xib */ = {isa = PBXFileReference; lastKnownFileType = file.xib; path = HomeAnimeItemView.xib; sourceTree = "<group>"; };
		A7B0E33E281F9B8800A13CD6 /* HomeAnime.swift */ = {isa = PBXFileReference; lastKnownFileType = sourcecode.swift; path = HomeAnime.swift; sourceTree = "<group>"; };
		A7CD0D442817A06700109B8D /* RequetsMethods.swift */ = {isa = PBXFileReference; lastKnownFileType = sourcecode.swift; path = RequetsMethods.swift; sourceTree = "<group>"; };
		A7CD0D472817A16000109B8D /* ScreenProtocol.swift */ = {isa = PBXFileReference; lastKnownFileType = sourcecode.swift; path = ScreenProtocol.swift; sourceTree = "<group>"; };
		A7CD0D492817A31100109B8D /* RequestProtocol.swift */ = {isa = PBXFileReference; lastKnownFileType = sourcecode.swift; path = RequestProtocol.swift; sourceTree = "<group>"; };
		A7D4F6CA2828C3A7004622A4 /* PresentsNewScreen.swift */ = {isa = PBXFileReference; lastKnownFileType = sourcecode.swift; path = PresentsNewScreen.swift; sourceTree = "<group>"; };
		A7D4F6CC2828D6AA004622A4 /* TabBarButton.swift */ = {isa = PBXFileReference; lastKnownFileType = sourcecode.swift; path = TabBarButton.swift; sourceTree = "<group>"; };
		A7E44A902829CAB7005C0AB5 /* RootControllerType.swift */ = {isa = PBXFileReference; lastKnownFileType = sourcecode.swift; path = RootControllerType.swift; sourceTree = "<group>"; };
		A7E44A922829CAF1005C0AB5 /* RootViewController.swift */ = {isa = PBXFileReference; lastKnownFileType = sourcecode.swift; path = RootViewController.swift; sourceTree = "<group>"; };
		A7E44A942829CB37005C0AB5 /* RootControllerFactory.swift */ = {isa = PBXFileReference; lastKnownFileType = sourcecode.swift; path = RootControllerFactory.swift; sourceTree = "<group>"; };
		A7E44A962829CBEB005C0AB5 /* ScreenType.swift */ = {isa = PBXFileReference; lastKnownFileType = sourcecode.swift; path = ScreenType.swift; sourceTree = "<group>"; };
		A7E44A982829CC56005C0AB5 /* ScreenFactory.swift */ = {isa = PBXFileReference; lastKnownFileType = sourcecode.swift; path = ScreenFactory.swift; sourceTree = "<group>"; };
		A7E798A228149B4900973881 /* AnimeCalendar.app */ = {isa = PBXFileReference; explicitFileType = wrapper.application; includeInIndex = 0; path = AnimeCalendar.app; sourceTree = BUILT_PRODUCTS_DIR; };
		A7E798A528149B4900973881 /* AppDelegate.swift */ = {isa = PBXFileReference; lastKnownFileType = sourcecode.swift; path = AppDelegate.swift; sourceTree = "<group>"; };
		A7E798A728149B4900973881 /* SceneDelegate.swift */ = {isa = PBXFileReference; lastKnownFileType = sourcecode.swift; path = SceneDelegate.swift; sourceTree = "<group>"; };
		A7E798AE28149B4900973881 /* Assets.xcassets */ = {isa = PBXFileReference; lastKnownFileType = folder.assetcatalog; path = Assets.xcassets; sourceTree = "<group>"; };
		A7E798B128149B4900973881 /* Base */ = {isa = PBXFileReference; lastKnownFileType = file.storyboard; name = Base; path = Base.lproj/LaunchScreen.storyboard; sourceTree = "<group>"; };
		A7E798B328149B4900973881 /* Info.plist */ = {isa = PBXFileReference; lastKnownFileType = text.plist.xml; path = Info.plist; sourceTree = "<group>"; };
		A7F91E0028190E6000FF59C0 /* AnimeCalendarScreen.swift */ = {isa = PBXFileReference; lastKnownFileType = sourcecode.swift; path = AnimeCalendarScreen.swift; sourceTree = "<group>"; };
		A7F91E0228190E8600FF59C0 /* NewScheduledAnimeScreen.swift */ = {isa = PBXFileReference; lastKnownFileType = sourcecode.swift; path = NewScheduledAnimeScreen.swift; sourceTree = "<group>"; };
		A7F91E0E28190F6D00FF59C0 /* TabBarManager.swift */ = {isa = PBXFileReference; lastKnownFileType = sourcecode.swift; path = TabBarManager.swift; sourceTree = "<group>"; };
		A7FDF607281E025E006057D7 /* HomeHeaderComponent.swift */ = {isa = PBXFileReference; lastKnownFileType = sourcecode.swift; path = HomeHeaderComponent.swift; sourceTree = "<group>"; };
		A7FDF608281E025E006057D7 /* HomeHeaderComponentView.xib */ = {isa = PBXFileReference; lastKnownFileType = file.xib; path = HomeHeaderComponentView.xib; sourceTree = "<group>"; };
		A7FDF60D281E038D006057D7 /* UIViewControllerExtension.swift */ = {isa = PBXFileReference; lastKnownFileType = sourcecode.swift; path = UIViewControllerExtension.swift; sourceTree = "<group>"; };
/* End PBXFileReference section */

/* Begin PBXFrameworksBuildPhase section */
		A7E7989F28149B4900973881 /* Frameworks */ = {
			isa = PBXFrameworksBuildPhase;
			buildActionMask = 2147483647;
			files = (
				A74F9874281624FC003A1073 /* Pods_AnimeCalendar.framework in Frameworks */,
			);
			runOnlyForDeploymentPostprocessing = 0;
		};
/* End PBXFrameworksBuildPhase section */

/* Begin PBXGroup section */
		A74F984D2815F954003A1073 /* AppBoot */ = {
			isa = PBXGroup;
			children = (
				A74F98522815FD72003A1073 /* BootManager.swift */,
				A7E44A942829CB37005C0AB5 /* RootControllerFactory.swift */,
				A74F98542815FDE5003A1073 /* Contracts */,
			);
			path = AppBoot;
			sourceTree = "<group>";
		};
		A74F98542815FDE5003A1073 /* Contracts */ = {
			isa = PBXGroup;
			children = (
				A7E44A902829CAB7005C0AB5 /* RootControllerType.swift */,
				A7E44A922829CAF1005C0AB5 /* RootViewController.swift */,
			);
			path = Contracts;
			sourceTree = "<group>";
		};
		A74F98552815FF6E003A1073 /* Scenes */ = {
			isa = PBXGroup;
			children = (
				A78685C82824D5B300321415 /* Navigation */,
				A7F91DF728190C7000FF59C0 /* TabBar */,
				A74F987328161DC3003A1073 /* TabScreens */,
			);
			path = Scenes;
			sourceTree = "<group>";
		};
		A74F98622816103C003A1073 /* RequestsLayer */ = {
			isa = PBXGroup;
			children = (
				A74F986528161284003A1073 /* RequestsManager.swift */,
				A74F986328161279003A1073 /* NetworkManager.swift */,
				A74F986728161291003A1073 /* MocksManager.swift */,
				A74F98692816129D003A1073 /* CacheManager.swift */,
				A7CD0D432817A04800109B8D /* Contracts */,
			);
			path = RequestsLayer;
			sourceTree = "<group>";
		};
		A74F986B281615CC003A1073 /* Home */ = {
			isa = PBXGroup;
			children = (
				A7B0E328281F534900A13CD6 /* HomeScreenNavigationBar.swift */,
				A74F98492815F8EF003A1073 /* HomeScreen.swift */,
				A74F984A2815F8EF003A1073 /* HomeScreenView.xib */,
				A7FDF606281E0226006057D7 /* Components */,
			);
			path = Home;
			sourceTree = "<group>";
		};
		A74F987328161DC3003A1073 /* TabScreens */ = {
			isa = PBXGroup;
			children = (
				A7E44A982829CC56005C0AB5 /* ScreenFactory.swift */,
				A74F986B281615CC003A1073 /* Home */,
				A7F91DFE28190DFE00FF59C0 /* NewScheduledAnime */,
				A7F91DFF28190E3200FF59C0 /* AnimeCalendar */,
				A7CD0D462817A11B00109B8D /* Contracts */,
			);
			path = TabScreens;
			sourceTree = "<group>";
		};
		A78685C82824D5B300321415 /* Navigation */ = {
			isa = PBXGroup;
			children = (
				A78685C92824D5CE00321415 /* CustomNavigationController.swift */,
			);
			path = Navigation;
			sourceTree = "<group>";
		};
		A78D4974D404B73575A5777D /* Pods */ = {
			isa = PBXGroup;
			children = (
				283ED7B0446B72E81426494A /* Pods-AnimeCalendar.debug.xcconfig */,
				1C175D7AE49B4879AD9ED43B /* Pods-AnimeCalendar.release.xcconfig */,
			);
			path = Pods;
			sourceTree = "<group>";
		};
		A7B0E32C281F75D700A13CD6 /* HomeDate */ = {
			isa = PBXGroup;
			children = (
				A7B0E32D281F761300A13CD6 /* HomeDateComponent.swift */,
				A7B0E32E281F761300A13CD6 /* HomeDateComponentView.xib */,
			);
			path = HomeDate;
			sourceTree = "<group>";
		};
		A7B0E331281F88C900A13CD6 /* Contracts */ = {
			isa = PBXGroup;
			children = (
				A7B0E332281F88F800A13CD6 /* ScreenComponent.swift */,
			);
			path = Contracts;
			sourceTree = "<group>";
		};
		A7B0E334281F8E1000A13CD6 /* HomeAnimes */ = {
			isa = PBXGroup;
			children = (
				A7B0E340281F9B9300A13CD6 /* Model */,
				A7B0E335281F8E8B00A13CD6 /* HomeAnimesComponent.swift */,
				A7B0E336281F8E8B00A13CD6 /* HomeAnimesComponentView.xib */,
				A7B0E33D281F95EF00A13CD6 /* HomeAnimeItem */,
			);
			path = HomeAnimes;
			sourceTree = "<group>";
		};
		A7B0E33D281F95EF00A13CD6 /* HomeAnimeItem */ = {
			isa = PBXGroup;
			children = (
				A7B0E339281F95E500A13CD6 /* HomeAnimeItem.swift */,
				A7B0E33A281F95E500A13CD6 /* HomeAnimeItemView.xib */,
			);
			path = HomeAnimeItem;
			sourceTree = "<group>";
		};
		A7B0E340281F9B9300A13CD6 /* Model */ = {
			isa = PBXGroup;
			children = (
				A7B0E33E281F9B8800A13CD6 /* HomeAnime.swift */,
			);
			path = Model;
			sourceTree = "<group>";
		};
		A7CD0D432817A04800109B8D /* Contracts */ = {
			isa = PBXGroup;
			children = (
				A7CD0D442817A06700109B8D /* RequetsMethods.swift */,
				A7CD0D492817A31100109B8D /* RequestProtocol.swift */,
			);
			path = Contracts;
			sourceTree = "<group>";
		};
		A7CD0D462817A11B00109B8D /* Contracts */ = {
			isa = PBXGroup;
			children = (
				A7CD0D472817A16000109B8D /* ScreenProtocol.swift */,
				A7B0E32A281F553A00A13CD6 /* ScreenNavigationBar.swift */,
				A7D4F6CA2828C3A7004622A4 /* PresentsNewScreen.swift */,
				A7E44A962829CBEB005C0AB5 /* ScreenType.swift */,
			);
			path = Contracts;
			sourceTree = "<group>";
		};
		A7CD0D4B2817BD0F00109B8D /* Utils */ = {
			isa = PBXGroup;
			children = (
				A731E002281D12FA00036077 /* Xibs.swift */,
				A7933BF1281E35DD00D4E1B4 /* Shadow.swift */,
				A731E008281D1B0D00036077 /* Color.swift */,
				A70FF51528239D77007D4F64 /* Constraints.swift */,
			);
			path = Utils;
			sourceTree = "<group>";
		};
		A7E7989928149B4900973881 = {
			isa = PBXGroup;
			children = (
				A7E798A428149B4900973881 /* AnimeCalendar */,
				A7E798A328149B4900973881 /* Products */,
				A78D4974D404B73575A5777D /* Pods */,
				BEF24523CA55510DCA5904DA /* Frameworks */,
			);
			sourceTree = "<group>";
		};
		A7E798A328149B4900973881 /* Products */ = {
			isa = PBXGroup;
			children = (
				A7E798A228149B4900973881 /* AnimeCalendar.app */,
			);
			name = Products;
			sourceTree = "<group>";
		};
		A7E798A428149B4900973881 /* AnimeCalendar */ = {
			isa = PBXGroup;
			children = (
				A7E798A528149B4900973881 /* AppDelegate.swift */,
				A7E798A728149B4900973881 /* SceneDelegate.swift */,
				A74F98622816103C003A1073 /* RequestsLayer */,
				A74F984D2815F954003A1073 /* AppBoot */,
				A74F98552815FF6E003A1073 /* Scenes */,
				A7FDF60C281E0338006057D7 /* Extensions */,
				A7CD0D4B2817BD0F00109B8D /* Utils */,
				A7E798AE28149B4900973881 /* Assets.xcassets */,
				A7E798B028149B4900973881 /* LaunchScreen.storyboard */,
				A7E798B328149B4900973881 /* Info.plist */,
			);
			path = AnimeCalendar;
			sourceTree = "<group>";
		};
		A7F91DF728190C7000FF59C0 /* TabBar */ = {
			isa = PBXGroup;
			children = (
				A7AD0B0528275F6500367A1B /* NewScheduledAnimeButton.swift */,
				A78685CB2824D67100321415 /* CustomTabBarController.swift */,
				A7F91E0E28190F6D00FF59C0 /* TabBarManager.swift */,
				A7F91E0628190EF000FF59C0 /* Contracts */,
			);
			path = TabBar;
			sourceTree = "<group>";
		};
		A7F91DFE28190DFE00FF59C0 /* NewScheduledAnime */ = {
			isa = PBXGroup;
			children = (
				A7F91E0228190E8600FF59C0 /* NewScheduledAnimeScreen.swift */,
				A731E006281D140200036077 /* NewScheduledAnimeScreenView.xib */,
			);
			path = NewScheduledAnime;
			sourceTree = "<group>";
		};
		A7F91DFF28190E3200FF59C0 /* AnimeCalendar */ = {
			isa = PBXGroup;
			children = (
				A7F91E0028190E6000FF59C0 /* AnimeCalendarScreen.swift */,
				A731E004281D13EE00036077 /* AnimeCalendarScreenView.xib */,
			);
			path = AnimeCalendar;
			sourceTree = "<group>";
		};
		A7F91E0628190EF000FF59C0 /* Contracts */ = {
			isa = PBXGroup;
			children = (
				A78685CD2824D6AE00321415 /* TabBarProtocol.swift */,
				A7D4F6CC2828D6AA004622A4 /* TabBarButton.swift */,
			);
			path = Contracts;
			sourceTree = "<group>";
		};
		A7FDF606281E0226006057D7 /* Components */ = {
			isa = PBXGroup;
			children = (
				A7FDF60B281E0266006057D7 /* HomeHeader */,
				A7B0E32C281F75D700A13CD6 /* HomeDate */,
				A7B0E334281F8E1000A13CD6 /* HomeAnimes */,
				A7B0E331281F88C900A13CD6 /* Contracts */,
			);
			path = Components;
			sourceTree = "<group>";
		};
		A7FDF60B281E0266006057D7 /* HomeHeader */ = {
			isa = PBXGroup;
			children = (
				A7FDF607281E025E006057D7 /* HomeHeaderComponent.swift */,
				A7FDF608281E025E006057D7 /* HomeHeaderComponentView.xib */,
			);
			path = HomeHeader;
			sourceTree = "<group>";
		};
		A7FDF60C281E0338006057D7 /* Extensions */ = {
			isa = PBXGroup;
			children = (
				A7FDF60D281E038D006057D7 /* UIViewControllerExtension.swift */,
				A7933BF3281E3AA100D4E1B4 /* UIViewExtension.swift */,
				A70FF51328238E42007D4F64 /* NSLayoutConstraintExtension.swift */,
			);
			path = Extensions;
			sourceTree = "<group>";
		};
		BEF24523CA55510DCA5904DA /* Frameworks */ = {
			isa = PBXGroup;
			children = (
				28ADD1CAD4B24F96213C086B /* Pods_AnimeCalendar.framework */,
			);
			name = Frameworks;
			sourceTree = "<group>";
		};
/* End PBXGroup section */

/* Begin PBXNativeTarget section */
		A7E798A128149B4900973881 /* AnimeCalendar */ = {
			isa = PBXNativeTarget;
			buildConfigurationList = A7E798B628149B4900973881 /* Build configuration list for PBXNativeTarget "AnimeCalendar" */;
			buildPhases = (
				3088933F5A59F47F1724F4E4 /* [CP] Check Pods Manifest.lock */,
				A7E7989E28149B4900973881 /* Sources */,
				A7E7989F28149B4900973881 /* Frameworks */,
				A7E798A028149B4900973881 /* Resources */,
				A2C84D25B398C301F993E66F /* [CP] Embed Pods Frameworks */,
			);
			buildRules = (
			);
			dependencies = (
			);
			name = AnimeCalendar;
			productName = AnimeCalendar;
			productReference = A7E798A228149B4900973881 /* AnimeCalendar.app */;
			productType = "com.apple.product-type.application";
		};
/* End PBXNativeTarget section */

/* Begin PBXProject section */
		A7E7989A28149B4900973881 /* Project object */ = {
			isa = PBXProject;
			attributes = {
				BuildIndependentTargetsInParallel = 1;
				LastSwiftUpdateCheck = 1320;
				LastUpgradeCheck = 1320;
				TargetAttributes = {
					A7E798A128149B4900973881 = {
						CreatedOnToolsVersion = 13.2.1;
					};
				};
			};
			buildConfigurationList = A7E7989D28149B4900973881 /* Build configuration list for PBXProject "AnimeCalendar" */;
			compatibilityVersion = "Xcode 13.0";
			developmentRegion = en;
			hasScannedForEncodings = 0;
			knownRegions = (
				en,
				Base,
			);
			mainGroup = A7E7989928149B4900973881;
			productRefGroup = A7E798A328149B4900973881 /* Products */;
			projectDirPath = "";
			projectRoot = "";
			targets = (
				A7E798A128149B4900973881 /* AnimeCalendar */,
			);
		};
/* End PBXProject section */

/* Begin PBXResourcesBuildPhase section */
		A7E798A028149B4900973881 /* Resources */ = {
			isa = PBXResourcesBuildPhase;
			buildActionMask = 2147483647;
			files = (
				A7E798B228149B4900973881 /* LaunchScreen.storyboard in Resources */,
				A7B0E338281F8E8B00A13CD6 /* HomeAnimesComponentView.xib in Resources */,
				A7B0E33C281F95E500A13CD6 /* HomeAnimeItemView.xib in Resources */,
				A731E007281D140200036077 /* NewScheduledAnimeScreenView.xib in Resources */,
				A74F984C2815F8EF003A1073 /* HomeScreenView.xib in Resources */,
				A7B0E330281F761300A13CD6 /* HomeDateComponentView.xib in Resources */,
				A7E798AF28149B4900973881 /* Assets.xcassets in Resources */,
				A731E005281D13EE00036077 /* AnimeCalendarScreenView.xib in Resources */,
				A7FDF60A281E025E006057D7 /* HomeHeaderComponentView.xib in Resources */,
			);
			runOnlyForDeploymentPostprocessing = 0;
		};
/* End PBXResourcesBuildPhase section */

/* Begin PBXShellScriptBuildPhase section */
		3088933F5A59F47F1724F4E4 /* [CP] Check Pods Manifest.lock */ = {
			isa = PBXShellScriptBuildPhase;
			buildActionMask = 2147483647;
			files = (
			);
			inputFileListPaths = (
			);
			inputPaths = (
				"${PODS_PODFILE_DIR_PATH}/Podfile.lock",
				"${PODS_ROOT}/Manifest.lock",
			);
			name = "[CP] Check Pods Manifest.lock";
			outputFileListPaths = (
			);
			outputPaths = (
				"$(DERIVED_FILE_DIR)/Pods-AnimeCalendar-checkManifestLockResult.txt",
			);
			runOnlyForDeploymentPostprocessing = 0;
			shellPath = /bin/sh;
			shellScript = "diff \"${PODS_PODFILE_DIR_PATH}/Podfile.lock\" \"${PODS_ROOT}/Manifest.lock\" > /dev/null\nif [ $? != 0 ] ; then\n    # print error to STDERR\n    echo \"error: The sandbox is not in sync with the Podfile.lock. Run 'pod install' or update your CocoaPods installation.\" >&2\n    exit 1\nfi\n# This output is used by Xcode 'outputs' to avoid re-running this script phase.\necho \"SUCCESS\" > \"${SCRIPT_OUTPUT_FILE_0}\"\n";
			showEnvVarsInLog = 0;
		};
		A2C84D25B398C301F993E66F /* [CP] Embed Pods Frameworks */ = {
			isa = PBXShellScriptBuildPhase;
			buildActionMask = 2147483647;
			files = (
			);
			inputFileListPaths = (
				"${PODS_ROOT}/Target Support Files/Pods-AnimeCalendar/Pods-AnimeCalendar-frameworks-${CONFIGURATION}-input-files.xcfilelist",
			);
			name = "[CP] Embed Pods Frameworks";
			outputFileListPaths = (
				"${PODS_ROOT}/Target Support Files/Pods-AnimeCalendar/Pods-AnimeCalendar-frameworks-${CONFIGURATION}-output-files.xcfilelist",
			);
			runOnlyForDeploymentPostprocessing = 0;
			shellPath = /bin/sh;
			shellScript = "\"${PODS_ROOT}/Target Support Files/Pods-AnimeCalendar/Pods-AnimeCalendar-frameworks.sh\"\n";
			showEnvVarsInLog = 0;
		};
/* End PBXShellScriptBuildPhase section */

/* Begin PBXSourcesBuildPhase section */
		A7E7989E28149B4900973881 /* Sources */ = {
			isa = PBXSourcesBuildPhase;
			buildActionMask = 2147483647;
			files = (
				A7E44A972829CBEB005C0AB5 /* ScreenType.swift in Sources */,
				A7E44A912829CAB7005C0AB5 /* RootControllerType.swift in Sources */,
				A74F986428161279003A1073 /* NetworkManager.swift in Sources */,
				A7FDF60E281E038D006057D7 /* UIViewControllerExtension.swift in Sources */,
				A74F986A2816129D003A1073 /* CacheManager.swift in Sources */,
				A7E798A628149B4900973881 /* AppDelegate.swift in Sources */,
				A7933BF4281E3AA100D4E1B4 /* UIViewExtension.swift in Sources */,
				A7F91E0F28190F6D00FF59C0 /* TabBarManager.swift in Sources */,
				A78685CC2824D67100321415 /* CustomTabBarController.swift in Sources */,
				A7B0E333281F88F800A13CD6 /* ScreenComponent.swift in Sources */,
				A70FF51628239D77007D4F64 /* Constraints.swift in Sources */,
				A78685CA2824D5CE00321415 /* CustomNavigationController.swift in Sources */,
				A731E009281D1B0D00036077 /* Color.swift in Sources */,
				A7CD0D452817A06700109B8D /* RequetsMethods.swift in Sources */,
				A7F91E0328190E8600FF59C0 /* NewScheduledAnimeScreen.swift in Sources */,
				A7E798A828149B4900973881 /* SceneDelegate.swift in Sources */,
				A7E44A932829CAF1005C0AB5 /* RootViewController.swift in Sources */,
				A7B0E32B281F553A00A13CD6 /* ScreenNavigationBar.swift in Sources */,
				A70FF51428238E42007D4F64 /* NSLayoutConstraintExtension.swift in Sources */,
				A731E003281D12FA00036077 /* Xibs.swift in Sources */,
				A78685CE2824D6AE00321415 /* TabBarProtocol.swift in Sources */,
				A7D4F6CD2828D6AA004622A4 /* TabBarButton.swift in Sources */,
				A7AD0B0628275F6500367A1B /* NewScheduledAnimeButton.swift in Sources */,
				A74F984B2815F8EF003A1073 /* HomeScreen.swift in Sources */,
				A7B0E337281F8E8B00A13CD6 /* HomeAnimesComponent.swift in Sources */,
				A7D4F6CB2828C3A7004622A4 /* PresentsNewScreen.swift in Sources */,
				A7FDF609281E025E006057D7 /* HomeHeaderComponent.swift in Sources */,
				A74F986628161285003A1073 /* RequestsManager.swift in Sources */,
				A7E44A952829CB37005C0AB5 /* RootControllerFactory.swift in Sources */,
				A74F986828161291003A1073 /* MocksManager.swift in Sources */,
				A7B0E33B281F95E500A13CD6 /* HomeAnimeItem.swift in Sources */,
				A7E44A992829CC56005C0AB5 /* ScreenFactory.swift in Sources */,
				A7F91E0128190E6000FF59C0 /* AnimeCalendarScreen.swift in Sources */,
				A7B0E329281F534900A13CD6 /* HomeScreenNavigationBar.swift in Sources */,
				A74F98532815FD72003A1073 /* BootManager.swift in Sources */,
				A7CD0D4A2817A31100109B8D /* RequestProtocol.swift in Sources */,
				A7B0E32F281F761300A13CD6 /* HomeDateComponent.swift in Sources */,
				A7CD0D482817A16000109B8D /* ScreenProtocol.swift in Sources */,
				A7933BF2281E35DD00D4E1B4 /* Shadow.swift in Sources */,
				A7B0E33F281F9B8800A13CD6 /* HomeAnime.swift in Sources */,
			);
			runOnlyForDeploymentPostprocessing = 0;
		};
/* End PBXSourcesBuildPhase section */

/* Begin PBXVariantGroup section */
		A7E798B028149B4900973881 /* LaunchScreen.storyboard */ = {
			isa = PBXVariantGroup;
			children = (
				A7E798B128149B4900973881 /* Base */,
			);
			name = LaunchScreen.storyboard;
			sourceTree = "<group>";
		};
/* End PBXVariantGroup section */

/* Begin XCBuildConfiguration section */
		A7E798B428149B4900973881 /* Debug */ = {
			isa = XCBuildConfiguration;
			buildSettings = {
				ALWAYS_SEARCH_USER_PATHS = NO;
				CLANG_ANALYZER_NONNULL = YES;
				CLANG_ANALYZER_NUMBER_OBJECT_CONVERSION = YES_AGGRESSIVE;
				CLANG_CXX_LANGUAGE_STANDARD = "gnu++17";
				CLANG_CXX_LIBRARY = "libc++";
				CLANG_ENABLE_MODULES = YES;
				CLANG_ENABLE_OBJC_ARC = YES;
				CLANG_ENABLE_OBJC_WEAK = YES;
				CLANG_WARN_BLOCK_CAPTURE_AUTORELEASING = YES;
				CLANG_WARN_BOOL_CONVERSION = YES;
				CLANG_WARN_COMMA = YES;
				CLANG_WARN_CONSTANT_CONVERSION = YES;
				CLANG_WARN_DEPRECATED_OBJC_IMPLEMENTATIONS = YES;
				CLANG_WARN_DIRECT_OBJC_ISA_USAGE = YES_ERROR;
				CLANG_WARN_DOCUMENTATION_COMMENTS = YES;
				CLANG_WARN_EMPTY_BODY = YES;
				CLANG_WARN_ENUM_CONVERSION = YES;
				CLANG_WARN_INFINITE_RECURSION = YES;
				CLANG_WARN_INT_CONVERSION = YES;
				CLANG_WARN_NON_LITERAL_NULL_CONVERSION = YES;
				CLANG_WARN_OBJC_IMPLICIT_RETAIN_SELF = YES;
				CLANG_WARN_OBJC_LITERAL_CONVERSION = YES;
				CLANG_WARN_OBJC_ROOT_CLASS = YES_ERROR;
				CLANG_WARN_QUOTED_INCLUDE_IN_FRAMEWORK_HEADER = YES;
				CLANG_WARN_RANGE_LOOP_ANALYSIS = YES;
				CLANG_WARN_STRICT_PROTOTYPES = YES;
				CLANG_WARN_SUSPICIOUS_MOVE = YES;
				CLANG_WARN_UNGUARDED_AVAILABILITY = YES_AGGRESSIVE;
				CLANG_WARN_UNREACHABLE_CODE = YES;
				CLANG_WARN__DUPLICATE_METHOD_MATCH = YES;
				COPY_PHASE_STRIP = NO;
				DEBUG_INFORMATION_FORMAT = dwarf;
				ENABLE_STRICT_OBJC_MSGSEND = YES;
				ENABLE_TESTABILITY = YES;
				GCC_C_LANGUAGE_STANDARD = gnu11;
				GCC_DYNAMIC_NO_PIC = NO;
				GCC_NO_COMMON_BLOCKS = YES;
				GCC_OPTIMIZATION_LEVEL = 0;
				GCC_PREPROCESSOR_DEFINITIONS = (
					"DEBUG=1",
					"$(inherited)",
				);
				GCC_WARN_64_TO_32_BIT_CONVERSION = YES;
				GCC_WARN_ABOUT_RETURN_TYPE = YES_ERROR;
				GCC_WARN_UNDECLARED_SELECTOR = YES;
				GCC_WARN_UNINITIALIZED_AUTOS = YES_AGGRESSIVE;
				GCC_WARN_UNUSED_FUNCTION = YES;
				GCC_WARN_UNUSED_VARIABLE = YES;
				IPHONEOS_DEPLOYMENT_TARGET = 15.2;
				MTL_ENABLE_DEBUG_INFO = INCLUDE_SOURCE;
				MTL_FAST_MATH = YES;
				ONLY_ACTIVE_ARCH = YES;
				SDKROOT = iphoneos;
				SWIFT_ACTIVE_COMPILATION_CONDITIONS = DEBUG;
				SWIFT_OPTIMIZATION_LEVEL = "-Onone";
			};
			name = Debug;
		};
		A7E798B528149B4900973881 /* Release */ = {
			isa = XCBuildConfiguration;
			buildSettings = {
				ALWAYS_SEARCH_USER_PATHS = NO;
				CLANG_ANALYZER_NONNULL = YES;
				CLANG_ANALYZER_NUMBER_OBJECT_CONVERSION = YES_AGGRESSIVE;
				CLANG_CXX_LANGUAGE_STANDARD = "gnu++17";
				CLANG_CXX_LIBRARY = "libc++";
				CLANG_ENABLE_MODULES = YES;
				CLANG_ENABLE_OBJC_ARC = YES;
				CLANG_ENABLE_OBJC_WEAK = YES;
				CLANG_WARN_BLOCK_CAPTURE_AUTORELEASING = YES;
				CLANG_WARN_BOOL_CONVERSION = YES;
				CLANG_WARN_COMMA = YES;
				CLANG_WARN_CONSTANT_CONVERSION = YES;
				CLANG_WARN_DEPRECATED_OBJC_IMPLEMENTATIONS = YES;
				CLANG_WARN_DIRECT_OBJC_ISA_USAGE = YES_ERROR;
				CLANG_WARN_DOCUMENTATION_COMMENTS = YES;
				CLANG_WARN_EMPTY_BODY = YES;
				CLANG_WARN_ENUM_CONVERSION = YES;
				CLANG_WARN_INFINITE_RECURSION = YES;
				CLANG_WARN_INT_CONVERSION = YES;
				CLANG_WARN_NON_LITERAL_NULL_CONVERSION = YES;
				CLANG_WARN_OBJC_IMPLICIT_RETAIN_SELF = YES;
				CLANG_WARN_OBJC_LITERAL_CONVERSION = YES;
				CLANG_WARN_OBJC_ROOT_CLASS = YES_ERROR;
				CLANG_WARN_QUOTED_INCLUDE_IN_FRAMEWORK_HEADER = YES;
				CLANG_WARN_RANGE_LOOP_ANALYSIS = YES;
				CLANG_WARN_STRICT_PROTOTYPES = YES;
				CLANG_WARN_SUSPICIOUS_MOVE = YES;
				CLANG_WARN_UNGUARDED_AVAILABILITY = YES_AGGRESSIVE;
				CLANG_WARN_UNREACHABLE_CODE = YES;
				CLANG_WARN__DUPLICATE_METHOD_MATCH = YES;
				COPY_PHASE_STRIP = NO;
				DEBUG_INFORMATION_FORMAT = "dwarf-with-dsym";
				ENABLE_NS_ASSERTIONS = NO;
				ENABLE_STRICT_OBJC_MSGSEND = YES;
				GCC_C_LANGUAGE_STANDARD = gnu11;
				GCC_NO_COMMON_BLOCKS = YES;
				GCC_WARN_64_TO_32_BIT_CONVERSION = YES;
				GCC_WARN_ABOUT_RETURN_TYPE = YES_ERROR;
				GCC_WARN_UNDECLARED_SELECTOR = YES;
				GCC_WARN_UNINITIALIZED_AUTOS = YES_AGGRESSIVE;
				GCC_WARN_UNUSED_FUNCTION = YES;
				GCC_WARN_UNUSED_VARIABLE = YES;
				IPHONEOS_DEPLOYMENT_TARGET = 15.2;
				MTL_ENABLE_DEBUG_INFO = NO;
				MTL_FAST_MATH = YES;
				SDKROOT = iphoneos;
				SWIFT_COMPILATION_MODE = wholemodule;
				SWIFT_OPTIMIZATION_LEVEL = "-O";
				VALIDATE_PRODUCT = YES;
			};
			name = Release;
		};
		A7E798B728149B4900973881 /* Debug */ = {
			isa = XCBuildConfiguration;
			baseConfigurationReference = 283ED7B0446B72E81426494A /* Pods-AnimeCalendar.debug.xcconfig */;
			buildSettings = {
				ASSETCATALOG_COMPILER_APPICON_NAME = AppIcon;
				ASSETCATALOG_COMPILER_GLOBAL_ACCENT_COLOR_NAME = AccentColor;
				CODE_SIGN_STYLE = Automatic;
				CURRENT_PROJECT_VERSION = 1;
				DEVELOPMENT_TEAM = M5AB5V73J2;
				GENERATE_INFOPLIST_FILE = YES;
				INFOPLIST_FILE = AnimeCalendar/Info.plist;
				INFOPLIST_KEY_UIApplicationSupportsIndirectInputEvents = YES;
				INFOPLIST_KEY_UILaunchStoryboardName = LaunchScreen;
				INFOPLIST_KEY_UISupportedInterfaceOrientations = UIInterfaceOrientationPortrait;
				INFOPLIST_KEY_UISupportedInterfaceOrientations_iPad = "UIInterfaceOrientationPortrait UIInterfaceOrientationPortraitUpsideDown UIInterfaceOrientationLandscapeLeft UIInterfaceOrientationLandscapeRight";
				INFOPLIST_KEY_UISupportedInterfaceOrientations_iPhone = UIInterfaceOrientationPortrait;
				IPHONEOS_DEPLOYMENT_TARGET = 14.0;
				LD_RUNPATH_SEARCH_PATHS = (
					"$(inherited)",
					"@executable_path/Frameworks",
				);
				MARKETING_VERSION = 1.0;
				PRODUCT_BUNDLE_IDENTIFIER = net.estremadoyro.AnimeCalendar;
				PRODUCT_NAME = "$(TARGET_NAME)";
				SWIFT_EMIT_LOC_STRINGS = YES;
				SWIFT_VERSION = 5.0;
				TARGETED_DEVICE_FAMILY = 1;
			};
			name = Debug;
		};
		A7E798B828149B4900973881 /* Release */ = {
			isa = XCBuildConfiguration;
			baseConfigurationReference = 1C175D7AE49B4879AD9ED43B /* Pods-AnimeCalendar.release.xcconfig */;
			buildSettings = {
				ASSETCATALOG_COMPILER_APPICON_NAME = AppIcon;
				ASSETCATALOG_COMPILER_GLOBAL_ACCENT_COLOR_NAME = AccentColor;
				CODE_SIGN_STYLE = Automatic;
				CURRENT_PROJECT_VERSION = 1;
				DEVELOPMENT_TEAM = M5AB5V73J2;
				GENERATE_INFOPLIST_FILE = YES;
				INFOPLIST_FILE = AnimeCalendar/Info.plist;
				INFOPLIST_KEY_UIApplicationSupportsIndirectInputEvents = YES;
				INFOPLIST_KEY_UILaunchStoryboardName = LaunchScreen;
				INFOPLIST_KEY_UISupportedInterfaceOrientations = UIInterfaceOrientationPortrait;
				INFOPLIST_KEY_UISupportedInterfaceOrientations_iPad = "UIInterfaceOrientationPortrait UIInterfaceOrientationPortraitUpsideDown UIInterfaceOrientationLandscapeLeft UIInterfaceOrientationLandscapeRight";
				INFOPLIST_KEY_UISupportedInterfaceOrientations_iPhone = UIInterfaceOrientationPortrait;
				IPHONEOS_DEPLOYMENT_TARGET = 14.0;
				LD_RUNPATH_SEARCH_PATHS = (
					"$(inherited)",
					"@executable_path/Frameworks",
				);
				MARKETING_VERSION = 1.0;
				PRODUCT_BUNDLE_IDENTIFIER = net.estremadoyro.AnimeCalendar;
				PRODUCT_NAME = "$(TARGET_NAME)";
				SWIFT_EMIT_LOC_STRINGS = YES;
				SWIFT_VERSION = 5.0;
				TARGETED_DEVICE_FAMILY = 1;
			};
			name = Release;
		};
/* End XCBuildConfiguration section */

/* Begin XCConfigurationList section */
		A7E7989D28149B4900973881 /* Build configuration list for PBXProject "AnimeCalendar" */ = {
			isa = XCConfigurationList;
			buildConfigurations = (
				A7E798B428149B4900973881 /* Debug */,
				A7E798B528149B4900973881 /* Release */,
			);
			defaultConfigurationIsVisible = 0;
			defaultConfigurationName = Release;
		};
		A7E798B628149B4900973881 /* Build configuration list for PBXNativeTarget "AnimeCalendar" */ = {
			isa = XCConfigurationList;
			buildConfigurations = (
				A7E798B728149B4900973881 /* Debug */,
				A7E798B828149B4900973881 /* Release */,
			);
			defaultConfigurationIsVisible = 0;
			defaultConfigurationName = Release;
		};
/* End XCConfigurationList section */
	};
	rootObject = A7E7989A28149B4900973881 /* Project object */;
}
